
Microsoft Visual Studio Solution File, Format Version 12.00
# Visual Studio Version 16
VisualStudioVersion = 16.0.29306.81
MinimumVisualStudioVersion = 10.0.40219.1
Project("{FAE04EC0-301F-11D3-BF4B-00C04F79EFBC}") = "EventsExplanationAndTry", "EventsExplanationAndTry\EventsExplanationAndTry.csproj", "{D08D94D4-408A-4FA6-AEA2-D0D4C05CDEA4}"
EndProject
Global
	GlobalSection(SolutionConfigurationPlatforms) = preSolution
		Debug|Any CPU = Debug|Any CPU
		Release|Any CPU = Release|Any CPU
	EndGlobalSection
	GlobalSection(ProjectConfigurationPlatforms) = postSolution
		{D08D94D4-408A-4FA6-AEA2-D0D4C05CDEA4}.Debug|Any CPU.ActiveCfg = Debug|Any CPU
		{D08D94D4-408A-4FA6-AEA2-D0D4C05CDEA4}.Debug|Any CPU.Build.0 = Debug|Any CPU
		{D08D94D4-408A-4FA6-AEA2-D0D4C05CDEA4}.Release|Any CPU.ActiveCfg = Release|Any CPU
		{D08D94D4-408A-4FA6-AEA2-D0D4C05CDEA4}.Release|Any CPU.Build.0 = Release|Any CPU
	EndGlobalSection
	GlobalSection(SolutionProperties) = preSolution
		HideSolutionNode = FALSE
	EndGlobalSection
	GlobalSection(ExtensibilityGlobals) = postSolution
		SolutionGuid = {7CEC193B-6D8E-4F0D-9893-D6053D2A5036}
	EndGlobalSection
EndGlobal
